// !$*UTF8*$!
{
	archiveVersion = 1;
	classes = {
	};
	objectVersion = 46;
	objects = {

/* Begin PBXBuildFile section */
		3B61C8011BE922D1006825DB /* AppDelegate.swift in Sources */ = {isa = PBXBuildFile; fileRef = 3B61C8001BE922D1006825DB /* AppDelegate.swift */; };
		3B61C8031BE922D1006825DB /* ViewController.swift in Sources */ = {isa = PBXBuildFile; fileRef = 3B61C8021BE922D1006825DB /* ViewController.swift */; };
		3B61C8061BE922D1006825DB /* Main.storyboard in Resources */ = {isa = PBXBuildFile; fileRef = 3B61C8041BE922D1006825DB /* Main.storyboard */; };
		3B61C8091BE922D1006825DB /* AgendaSwiftTutorial.xcdatamodeld in Sources */ = {isa = PBXBuildFile; fileRef = 3B61C8071BE922D1006825DB /* AgendaSwiftTutorial.xcdatamodeld */; };
		3B61C80B1BE922D1006825DB /* Assets.xcassets in Resources */ = {isa = PBXBuildFile; fileRef = 3B61C80A1BE922D1006825DB /* Assets.xcassets */; };
		3B61C80E1BE922D1006825DB /* LaunchScreen.storyboard in Resources */ = {isa = PBXBuildFile; fileRef = 3B61C80C1BE922D1006825DB /* LaunchScreen.storyboard */; };
		3B61C8191BE922D1006825DB /* AgendaSwiftTutorialTests.swift in Sources */ = {isa = PBXBuildFile; fileRef = 3B61C8181BE922D1006825DB /* AgendaSwiftTutorialTests.swift */; };
		3B61C8241BE922D1006825DB /* AgendaSwiftTutorialUITests.swift in Sources */ = {isa = PBXBuildFile; fileRef = 3B61C8231BE922D1006825DB /* AgendaSwiftTutorialUITests.swift */; };
/* End PBXBuildFile section */

/* Begin PBXContainerItemProxy section */
		3B61C8151BE922D1006825DB /* PBXContainerItemProxy */ = {
			isa = PBXContainerItemProxy;
			containerPortal = 3B61C7F51BE922D0006825DB /* Project object */;
			proxyType = 1;
			remoteGlobalIDString = 3B61C7FC1BE922D0006825DB;
			remoteInfo = AgendaSwiftTutorial;
		};
		3B61C8201BE922D1006825DB /* PBXContainerItemProxy */ = {
			isa = PBXContainerItemProxy;
			containerPortal = 3B61C7F51BE922D0006825DB /* Project object */;
			proxyType = 1;
			remoteGlobalIDString = 3B61C7FC1BE922D0006825DB;
			remoteInfo = AgendaSwiftTutorial;
		};
/* End PBXContainerItemProxy section */

/* Begin PBXFileReference section */
		3B61C7FD1BE922D1006825DB /* AgendaSwiftTutorial.app */ = {isa = PBXFileReference; explicitFileType = wrapper.application; includeInIndex = 0; path = AgendaSwiftTutorial.app; sourceTree = BUILT_PRODUCTS_DIR; };
		3B61C8001BE922D1006825DB /* AppDelegate.swift */ = {isa = PBXFileReference; lastKnownFileType = sourcecode.swift; path = AppDelegate.swift; sourceTree = "<group>"; };
		3B61C8021BE922D1006825DB /* ViewController.swift */ = {isa = PBXFileReference; lastKnownFileType = sourcecode.swift; path = ViewController.swift; sourceTree = "<group>"; };
		3B61C8051BE922D1006825DB /* Base */ = {isa = PBXFileReference; lastKnownFileType = file.storyboard; name = Base; path = Base.lproj/Main.storyboard; sourceTree = "<group>"; };
		3B61C8081BE922D1006825DB /* AgendaSwiftTutorial.xcdatamodel */ = {isa = PBXFileReference; lastKnownFileType = wrapper.xcdatamodel; path = AgendaSwiftTutorial.xcdatamodel; sourceTree = "<group>"; };
		3B61C80A1BE922D1006825DB /* Assets.xcassets */ = {isa = PBXFileReference; lastKnownFileType = folder.assetcatalog; path = Assets.xcassets; sourceTree = "<group>"; };
		3B61C80D1BE922D1006825DB /* Base */ = {isa = PBXFileReference; lastKnownFileType = file.storyboard; name = Base; path = Base.lproj/LaunchScreen.storyboard; sourceTree = "<group>"; };
		3B61C80F1BE922D1006825DB /* Info.plist */ = {isa = PBXFileReference; lastKnownFileType = text.plist.xml; path = Info.plist; sourceTree = "<group>"; };
		3B61C8141BE922D1006825DB /* AgendaSwiftTutorialTests.xctest */ = {isa = PBXFileReference; explicitFileType = wrapper.cfbundle; includeInIndex = 0; path = AgendaSwiftTutorialTests.xctest; sourceTree = BUILT_PRODUCTS_DIR; };
		3B61C8181BE922D1006825DB /* AgendaSwiftTutorialTests.swift */ = {isa = PBXFileReference; lastKnownFileType = sourcecode.swift; path = AgendaSwiftTutorialTests.swift; sourceTree = "<group>"; };
		3B61C81A1BE922D1006825DB /* Info.plist */ = {isa = PBXFileReference; lastKnownFileType = text.plist.xml; path = Info.plist; sourceTree = "<group>"; };
		3B61C81F1BE922D1006825DB /* AgendaSwiftTutorialUITests.xctest */ = {isa = PBXFileReference; explicitFileType = wrapper.cfbundle; includeInIndex = 0; path = AgendaSwiftTutorialUITests.xctest; sourceTree = BUILT_PRODUCTS_DIR; };
		3B61C8231BE922D1006825DB /* AgendaSwiftTutorialUITests.swift */ = {isa = PBXFileReference; lastKnownFileType = sourcecode.swift; path = AgendaSwiftTutorialUITests.swift; sourceTree = "<group>"; };
		3B61C8251BE922D1006825DB /* Info.plist */ = {isa = PBXFileReference; lastKnownFileType = text.plist.xml; path = Info.plist; sourceTree = "<group>"; };
/* End PBXFileReference section */

/* Begin PBXFrameworksBuildPhase section */
		3B61C7FA1BE922D0006825DB /* Frameworks */ = {
			isa = PBXFrameworksBuildPhase;
			buildActionMask = 2147483647;
			files = (
			);
			runOnlyForDeploymentPostprocessing = 0;
		};
		3B61C8111BE922D1006825DB /* Frameworks */ = {
			isa = PBXFrameworksBuildPhase;
			buildActionMask = 2147483647;
			files = (
			);
			runOnlyForDeploymentPostprocessing = 0;
		};
		3B61C81C1BE922D1006825DB /* Frameworks */ = {
			isa = PBXFrameworksBuildPhase;
			buildActionMask = 2147483647;
			files = (
			);
			runOnlyForDeploymentPostprocessing = 0;
		};
/* End PBXFrameworksBuildPhase section */

/* Begin PBXGroup section */
		3B61C7F41BE922D0006825DB = {
			isa = PBXGroup;
			children = (
				3B61C7FF1BE922D1006825DB /* AgendaSwiftTutorial */,
				3B61C8171BE922D1006825DB /* AgendaSwiftTutorialTests */,
				3B61C8221BE922D1006825DB /* AgendaSwiftTutorialUITests */,
				3B61C7FE1BE922D1006825DB /* Products */,
			);
			sourceTree = "<group>";
		};
		3B61C7FE1BE922D1006825DB /* Products */ = {
			isa = PBXGroup;
			children = (
				3B61C7FD1BE922D1006825DB /* AgendaSwiftTutorial.app */,
				3B61C8141BE922D1006825DB /* AgendaSwiftTutorialTests.xctest */,
				3B61C81F1BE922D1006825DB /* AgendaSwiftTutorialUITests.xctest */,
			);
			name = Products;
			sourceTree = "<group>";
		};
		3B61C7FF1BE922D1006825DB /* AgendaSwiftTutorial */ = {
			isa = PBXGroup;
			children = (
				3B61C8001BE922D1006825DB /* AppDelegate.swift */,
				3B61C8021BE922D1006825DB /* ViewController.swift */,
				3B61C8041BE922D1006825DB /* Main.storyboard */,
				3B61C80A1BE922D1006825DB /* Assets.xcassets */,
				3B61C80C1BE922D1006825DB /* LaunchScreen.storyboard */,
				3B61C80F1BE922D1006825DB /* Info.plist */,
				3B61C8071BE922D1006825DB /* AgendaSwiftTutorial.xcdatamodeld */,
			);
			path = AgendaSwiftTutorial;
			sourceTree = "<group>";
		};
		3B61C8171BE922D1006825DB /* AgendaSwiftTutorialTests */ = {
			isa = PBXGroup;
			children = (
				3B61C8181BE922D1006825DB /* AgendaSwiftTutorialTests.swift */,
				3B61C81A1BE922D1006825DB /* Info.plist */,
			);
			path = AgendaSwiftTutorialTests;
			sourceTree = "<group>";
		};
		3B61C8221BE922D1006825DB /* AgendaSwiftTutorialUITests */ = {
			isa = PBXGroup;
			children = (
				3B61C8231BE922D1006825DB /* AgendaSwiftTutorialUITests.swift */,
				3B61C8251BE922D1006825DB /* Info.plist */,
			);
			path = AgendaSwiftTutorialUITests;
			sourceTree = "<group>";
		};
/* End PBXGroup section */

/* Begin PBXNativeTarget section */
		3B61C7FC1BE922D0006825DB /* AgendaSwiftTutorial */ = {
			isa = PBXNativeTarget;
			buildConfigurationList = 3B61C8281BE922D1006825DB /* Build configuration list for PBXNativeTarget "AgendaSwiftTutorial" */;
			buildPhases = (
				3B61C7F91BE922D0006825DB /* Sources */,
				3B61C7FA1BE922D0006825DB /* Frameworks */,
				3B61C7FB1BE922D0006825DB /* Resources */,
			);
			buildRules = (
			);
			dependencies = (
			);
			name = AgendaSwiftTutorial;
			productName = AgendaSwiftTutorial;
			productReference = 3B61C7FD1BE922D1006825DB /* AgendaSwiftTutorial.app */;
			productType = "com.apple.product-type.application";
		};
		3B61C8131BE922D1006825DB /* AgendaSwiftTutorialTests */ = {
			isa = PBXNativeTarget;
			buildConfigurationList = 3B61C82B1BE922D1006825DB /* Build configuration list for PBXNativeTarget "AgendaSwiftTutorialTests" */;
			buildPhases = (
				3B61C8101BE922D1006825DB /* Sources */,
				3B61C8111BE922D1006825DB /* Frameworks */,
				3B61C8121BE922D1006825DB /* Resources */,
			);
			buildRules = (
			);
			dependencies = (
				3B61C8161BE922D1006825DB /* PBXTargetDependency */,
			);
			name = AgendaSwiftTutorialTests;
			productName = AgendaSwiftTutorialTests;
			productReference = 3B61C8141BE922D1006825DB /* AgendaSwiftTutorialTests.xctest */;
			productType = "com.apple.product-type.bundle.unit-test";
		};
		3B61C81E1BE922D1006825DB /* AgendaSwiftTutorialUITests */ = {
			isa = PBXNativeTarget;
			buildConfigurationList = 3B61C82E1BE922D1006825DB /* Build configuration list for PBXNativeTarget "AgendaSwiftTutorialUITests" */;
			buildPhases = (
				3B61C81B1BE922D1006825DB /* Sources */,
				3B61C81C1BE922D1006825DB /* Frameworks */,
				3B61C81D1BE922D1006825DB /* Resources */,
			);
			buildRules = (
			);
			dependencies = (
				3B61C8211BE922D1006825DB /* PBXTargetDependency */,
			);
			name = AgendaSwiftTutorialUITests;
			productName = AgendaSwiftTutorialUITests;
			productReference = 3B61C81F1BE922D1006825DB /* AgendaSwiftTutorialUITests.xctest */;
			productType = "com.apple.product-type.bundle.ui-testing";
		};
/* End PBXNativeTarget section */

/* Begin PBXProject section */
		3B61C7F51BE922D0006825DB /* Project object */ = {
			isa = PBXProject;
			attributes = {
				LastSwiftUpdateCheck = 0710;
				LastUpgradeCheck = 0710;
				ORGANIZATIONNAME = ixavy;
				TargetAttributes = {
					3B61C7FC1BE922D0006825DB = {
						CreatedOnToolsVersion = 7.1;
					};
					3B61C8131BE922D1006825DB = {
						CreatedOnToolsVersion = 7.1;
						TestTargetID = 3B61C7FC1BE922D0006825DB;
					};
					3B61C81E1BE922D1006825DB = {
						CreatedOnToolsVersion = 7.1;
						TestTargetID = 3B61C7FC1BE922D0006825DB;
					};
				};
			};
			buildConfigurationList = 3B61C7F81BE922D0006825DB /* Build configuration list for PBXProject "AgendaSwiftTutorial" */;
			compatibilityVersion = "Xcode 3.2";
			developmentRegion = English;
			hasScannedForEncodings = 0;
			knownRegions = (
				en,
				Base,
			);
			mainGroup = 3B61C7F41BE922D0006825DB;
			productRefGroup = 3B61C7FE1BE922D1006825DB /* Products */;
			projectDirPath = "";
			projectRoot = "";
			targets = (
				3B61C7FC1BE922D0006825DB /* AgendaSwiftTutorial */,
				3B61C8131BE922D1006825DB /* AgendaSwiftTutorialTests */,
				3B61C81E1BE922D1006825DB /* AgendaSwiftTutorialUITests */,
			);
		};
/* End PBXProject section */

/* Begin PBXResourcesBuildPhase section */
		3B61C7FB1BE922D0006825DB /* Resources */ = {
			isa = PBXResourcesBuildPhase;
			buildActionMask = 2147483647;
			files = (
				3B61C80E1BE922D1006825DB /* LaunchScreen.storyboard in Resources */,
				3B61C80B1BE922D1006825DB /* Assets.xcassets in Resources */,
				3B61C8061BE922D1006825DB /* Main.storyboard in Resources */,
			);
			runOnlyForDeploymentPostprocessing = 0;
		};
		3B61C8121BE922D1006825DB /* Resources */ = {
			isa = PBXResourcesBuildPhase;
			buildActionMask = 2147483647;
			files = (
			);
			runOnlyForDeploymentPostprocessing = 0;
		};
		3B61C81D1BE922D1006825DB /* Resources */ = {
			isa = PBXResourcesBuildPhase;
			buildActionMask = 2147483647;
			files = (
			);
			runOnlyForDeploymentPostprocessing = 0;
		};
/* End PBXResourcesBuildPhase section */

/* Begin PBXSourcesBuildPhase section */
		3B61C7F91BE922D0006825DB /* Sources */ = {
			isa = PBXSourcesBuildPhase;
			buildActionMask = 2147483647;
			files = (
				3B61C8091BE922D1006825DB /* AgendaSwiftTutorial.xcdatamodeld in Sources */,
				3B61C8031BE922D1006825DB /* ViewController.swift in Sources */,
				3B61C8011BE922D1006825DB /* AppDelegate.swift in Sources */,
			);
			runOnlyForDeploymentPostprocessing = 0;
		};
		3B61C8101BE922D1006825DB /* Sources */ = {
			isa = PBXSourcesBuildPhase;
			buildActionMask = 2147483647;
			files = (
				3B61C8191BE922D1006825DB /* AgendaSwiftTutorialTests.swift in Sources */,
			);
			runOnlyForDeploymentPostprocessing = 0;
		};
		3B61C81B1BE922D1006825DB /* Sources */ = {
			isa = PBXSourcesBuildPhase;
			buildActionMask = 2147483647;
			files = (
				3B61C8241BE922D1006825DB /* AgendaSwiftTutorialUITests.swift in Sources */,
			);
			runOnlyForDeploymentPostprocessing = 0;
		};
/* End PBXSourcesBuildPhase section */

/* Begin PBXTargetDependency section */
		3B61C8161BE922D1006825DB /* PBXTargetDependency */ = {
			isa = PBXTargetDependency;
			target = 3B61C7FC1BE922D0006825DB /* AgendaSwiftTutorial */;
			targetProxy = 3B61C8151BE922D1006825DB /* PBXContainerItemProxy */;
		};
		3B61C8211BE922D1006825DB /* PBXTargetDependency */ = {
			isa = PBXTargetDependency;
			target = 3B61C7FC1BE922D0006825DB /* AgendaSwiftTutorial */;
			targetProxy = 3B61C8201BE922D1006825DB /* PBXContainerItemProxy */;
		};
/* End PBXTargetDependency section */

/* Begin PBXVariantGroup section */
		3B61C8041BE922D1006825DB /* Main.storyboard */ = {
			isa = PBXVariantGroup;
			children = (
				3B61C8051BE922D1006825DB /* Base */,
			);
			name = Main.storyboard;
			sourceTree = "<group>";
		};
		3B61C80C1BE922D1006825DB /* LaunchScreen.storyboard */ = {
			isa = PBXVariantGroup;
			children = (
				3B61C80D1BE922D1006825DB /* Base */,
			);
			name = LaunchScreen.storyboard;
			sourceTree = "<group>";
		};
/* End PBXVariantGroup section */

/* Begin XCBuildConfiguration section */
		3B61C8261BE922D1006825DB /* Debug */ = {
			isa = XCBuildConfiguration;
			buildSettings = {
				ALWAYS_SEARCH_USER_PATHS = NO;
				CLANG_CXX_LANGUAGE_STANDARD = "gnu++0x";
				CLANG_CXX_LIBRARY = "libc++";
				CLANG_ENABLE_MODULES = YES;
				CLANG_ENABLE_OBJC_ARC = YES;
				CLANG_WARN_BOOL_CONVERSION = YES;
				CLANG_WARN_CONSTANT_CONVERSION = YES;
				CLANG_WARN_DIRECT_OBJC_ISA_USAGE = YES_ERROR;
				CLANG_WARN_EMPTY_BODY = YES;
				CLANG_WARN_ENUM_CONVERSION = YES;
				CLANG_WARN_INT_CONVERSION = YES;
				CLANG_WARN_OBJC_ROOT_CLASS = YES_ERROR;
				CLANG_WARN_UNREACHABLE_CODE = YES;
				CLANG_WARN__DUPLICATE_METHOD_MATCH = YES;
				"CODE_SIGN_IDENTITY[sdk=iphoneos*]" = "iPhone Developer";
				COPY_PHASE_STRIP = NO;
				DEBUG_INFORMATION_FORMAT = dwarf;
				ENABLE_STRICT_OBJC_MSGSEND = YES;
				ENABLE_TESTABILITY = YES;
				GCC_C_LANGUAGE_STANDARD = gnu99;
				GCC_DYNAMIC_NO_PIC = NO;
				GCC_NO_COMMON_BLOCKS = YES;
				GCC_OPTIMIZATION_LEVEL = 0;
				GCC_PREPROCESSOR_DEFINITIONS = (
					"DEBUG=1",
					"$(inherited)",
				);
				GCC_WARN_64_TO_32_BIT_CONVERSION = YES;
				GCC_WARN_ABOUT_RETURN_TYPE = YES_ERROR;
				GCC_WARN_UNDECLARED_SELECTOR = YES;
				GCC_WARN_UNINITIALIZED_AUTOS = YES_AGGRESSIVE;
				GCC_WARN_UNUSED_FUNCTION = YES;
				GCC_WARN_UNUSED_VARIABLE = YES;
				IPHONEOS_DEPLOYMENT_TARGET = 9.1;
				MTL_ENABLE_DEBUG_INFO = YES;
				ONLY_ACTIVE_ARCH = YES;
				SDKROOT = iphoneos;
				SWIFT_OPTIMIZATION_LEVEL = "-Onone";
			};
			name = Debug;
		};
		3B61C8271BE922D1006825DB /* Release */ = {
			isa = XCBuildConfiguration;
			buildSettings = {
				ALWAYS_SEARCH_USER_PATHS = NO;
				CLANG_CXX_LANGUAGE_STANDARD = "gnu++0x";
				CLANG_CXX_LIBRARY = "libc++";
				CLANG_ENABLE_MODULES = YES;
				CLANG_ENABLE_OBJC_ARC = YES;
				CLANG_WARN_BOOL_CONVERSION = YES;
				CLANG_WARN_CONSTANT_CONVERSION = YES;
				CLANG_WARN_DIRECT_OBJC_ISA_USAGE = YES_ERROR;
				CLANG_WARN_EMPTY_BODY = YES;
				CLANG_WARN_ENUM_CONVERSION = YES;
				CLANG_WARN_INT_CONVERSION = YES;
				CLANG_WARN_OBJC_ROOT_CLASS = YES_ERROR;
				CLANG_WARN_UNREACHABLE_CODE = YES;
				CLANG_WARN__DUPLICATE_METHOD_MATCH = YES;
				"CODE_SIGN_IDENTITY[sdk=iphoneos*]" = "iPhone Developer";
				COPY_PHASE_STRIP = NO;
				DEBUG_INFORMATION_FORMAT = "dwarf-with-dsym";
				ENABLE_NS_ASSERTIONS = NO;
				ENABLE_STRICT_OBJC_MSGSEND = YES;
				GCC_C_LANGUAGE_STANDARD = gnu99;
				GCC_NO_COMMON_BLOCKS = YES;
				GCC_WARN_64_TO_32_BIT_CONVERSION = YES;
				GCC_WARN_ABOUT_RETURN_TYPE = YES_ERROR;
				GCC_WARN_UNDECLARED_SELECTOR = YES;
				GCC_WARN_UNINITIALIZED_AUTOS = YES_AGGRESSIVE;
				GCC_WARN_UNUSED_FUNCTION = YES;
				GCC_WARN_UNUSED_VARIABLE = YES;
				IPHONEOS_DEPLOYMENT_TARGET = 9.1;
				MTL_ENABLE_DEBUG_INFO = NO;
				SDKROOT = iphoneos;
				VALIDATE_PRODUCT = YES;
			};
			name = Release;
		};
		3B61C8291BE922D1006825DB /* Debug */ = {
			isa = XCBuildConfiguration;
			buildSettings = {
				ASSETCATALOG_COMPILER_APPICON_NAME = AppIcon;
				INFOPLIST_FILE = AgendaSwiftTutorial/Info.plist;
				LD_RUNPATH_SEARCH_PATHS = "$(inherited) @executable_path/Frameworks";
				PRODUCT_BUNDLE_IDENTIFIER = IXA.AgendaSwiftTutorial;
				PRODUCT_NAME = "$(TARGET_NAME)";
			};
			name = Debug;
		};
		3B61C82A1BE922D1006825DB /* Release */ = {
			isa = XCBuildConfiguration;
			buildSettings = {
				ASSETCATALOG_COMPILER_APPICON_NAME = AppIcon;
				INFOPLIST_FILE = AgendaSwiftTutorial/Info.plist;
				LD_RUNPATH_SEARCH_PATHS = "$(inherited) @executable_path/Frameworks";
				PRODUCT_BUNDLE_IDENTIFIER = IXA.AgendaSwiftTutorial;
				PRODUCT_NAME = "$(TARGET_NAME)";
			};
			name = Release;
		};
		3B61C82C1BE922D1006825DB /* Debug */ = {
			isa = XCBuildConfiguration;
			buildSettings = {
				BUNDLE_LOADER = "$(TEST_HOST)";
				INFOPLIST_FILE = AgendaSwiftTutorialTests/Info.plist;
				LD_RUNPATH_SEARCH_PATHS = "$(inherited) @executable_path/Frameworks @loader_path/Frameworks";
				PRODUCT_BUNDLE_IDENTIFIER = IXA.AgendaSwiftTutorialTests;
				PRODUCT_NAME = "$(TARGET_NAME)";
				TEST_HOST = "$(BUILT_PRODUCTS_DIR)/AgendaSwiftTutorial.app/AgendaSwiftTutorial";
			};
			name = Debug;
		};
		3B61C82D1BE922D1006825DB /* Release */ = {
			isa = XCBuildConfiguration;
			buildSettings = {
				BUNDLE_LOADER = "$(TEST_HOST)";
				INFOPLIST_FILE = AgendaSwiftTutorialTests/Info.plist;
				LD_RUNPATH_SEARCH_PATHS = "$(inherited) @executable_path/Frameworks @loader_path/Frameworks";
				PRODUCT_BUNDLE_IDENTIFIER = IXA.AgendaSwiftTutorialTests;
				PRODUCT_NAME = "$(TARGET_NAME)";
				TEST_HOST = "$(BUILT_PRODUCTS_DIR)/AgendaSwiftTutorial.app/AgendaSwiftTutorial";
			};
			name = Release;
		};
		3B61C82F1BE922D1006825DB /* Debug */ = {
			isa = XCBuildConfiguration;
			buildSettings = {
				INFOPLIST_FILE = AgendaSwiftTutorialUITests/Info.plist;
				LD_RUNPATH_SEARCH_PATHS = "$(inherited) @executable_path/Frameworks @loader_path/Frameworks";
				PRODUCT_BUNDLE_IDENTIFIER = IXA.AgendaSwiftTutorialUITests;
				PRODUCT_NAME = "$(TARGET_NAME)";
				TEST_TARGET_NAME = AgendaSwiftTutorial;
				USES_XCTRUNNER = YES;
			};
			name = Debug;
		};
		3B61C8301BE922D1006825DB /* Release */ = {
			isa = XCBuildConfiguration;
			buildSettings = {
				INFOPLIST_FILE = AgendaSwiftTutorialUITests/Info.plist;
				LD_RUNPATH_SEARCH_PATHS = "$(inherited) @executable_path/Frameworks @loader_path/Frameworks";
				PRODUCT_BUNDLE_IDENTIFIER = IXA.AgendaSwiftTutorialUITests;
				PRODUCT_NAME = "$(TARGET_NAME)";
				TEST_TARGET_NAME = AgendaSwiftTutorial;
				USES_XCTRUNNER = YES;
			};
			name = Release;
		};
/* End XCBuildConfiguration section */

/* Begin XCConfigurationList section */
		3B61C7F81BE922D0006825DB /* Build configuration list for PBXProject "AgendaSwiftTutorial" */ = {
			isa = XCConfigurationList;
			buildConfigurations = (
				3B61C8261BE922D1006825DB /* Debug */,
				3B61C8271BE922D1006825DB /* Release */,
			);
			defaultConfigurationIsVisible = 0;
			defaultConfigurationName = Release;
		};
		3B61C8281BE922D1006825DB /* Build configuration list for PBXNativeTarget "AgendaSwiftTutorial" */ = {
			isa = XCConfigurationList;
			buildConfigurations = (
				3B61C8291BE922D1006825DB /* Debug */,
				3B61C82A1BE922D1006825DB /* Release */,
			);
			defaultConfigurationIsVisible = 0;
		};
		3B61C82B1BE922D1006825DB /* Build configuration list for PBXNativeTarget "AgendaSwiftTutorialTests" */ = {
			isa = XCConfigurationList;
			buildConfigurations = (
				3B61C82C1BE922D1006825DB /* Debug */,
				3B61C82D1BE922D1006825DB /* Release */,
			);
			defaultConfigurationIsVisible = 0;
		};
		3B61C82E1BE922D1006825DB /* Build configuration list for PBXNativeTarget "AgendaSwiftTutorialUITests" */ = {
			isa = XCConfigurationList;
			buildConfigurations = (
				3B61C82F1BE922D1006825DB /* Debug */,
				3B61C8301BE922D1006825DB /* Release */,
			);
			defaultConfigurationIsVisible = 0;
		};
/* End XCConfigurationList section */

/* Begin XCVersionGroup section */
		3B61C8071BE922D1006825DB /* AgendaSwiftTutorial.xcdatamodeld */ = {
			isa = XCVersionGroup;
			children = (
				3B61C8081BE922D1006825DB /* AgendaSwiftTutorial.xcdatamodel */,
			);
			currentVersion = 3B61C8081BE922D1006825DB /* AgendaSwiftTutorial.xcdatamodel */;
			path = AgendaSwiftTutorial.xcdatamodeld;
			sourceTree = "<group>";
			versionGroupType = wrapper.xcdatamodel;
		};
/* End XCVersionGroup section */
	};
	rootObject = 3B61C7F51BE922D0006825DB /* Project object */;
}
